// !$*UTF8*$!
{
	archiveVersion = 1;
	classes = {
	};
	objectVersion = 46;
	objects = {

/* Begin PBXBuildFile section */
		0EFCC6D0579E01374701898F /* libPods-ResumoProva.a in Frameworks */ = {isa = PBXBuildFile; fileRef = D15A37E5258AE63D9EA201D0 /* libPods-ResumoProva.a */; };
		15677F3F1F5110260076C9B4 /* main.m in Sources */ = {isa = PBXBuildFile; fileRef = 15677F3E1F5110260076C9B4 /* main.m */; };
		15677F421F5110260076C9B4 /* AppDelegate.m in Sources */ = {isa = PBXBuildFile; fileRef = 15677F411F5110260076C9B4 /* AppDelegate.m */; };
		15677F451F5110260076C9B4 /* ViewController.m in Sources */ = {isa = PBXBuildFile; fileRef = 15677F441F5110260076C9B4 /* ViewController.m */; };
		15677F481F5110260076C9B4 /* Main.storyboard in Resources */ = {isa = PBXBuildFile; fileRef = 15677F461F5110260076C9B4 /* Main.storyboard */; };
		15677F4B1F5110260076C9B4 /* ResumoProva.xcdatamodeld in Sources */ = {isa = PBXBuildFile; fileRef = 15677F491F5110260076C9B4 /* ResumoProva.xcdatamodeld */; };
		15677F4D1F5110260076C9B4 /* Assets.xcassets in Resources */ = {isa = PBXBuildFile; fileRef = 15677F4C1F5110260076C9B4 /* Assets.xcassets */; };
		15677F501F5110260076C9B4 /* LaunchScreen.storyboard in Resources */ = {isa = PBXBuildFile; fileRef = 15677F4E1F5110260076C9B4 /* LaunchScreen.storyboard */; };
		15677F591F5116010076C9B4 /* CustomTableViewCell.m in Sources */ = {isa = PBXBuildFile; fileRef = 15677F581F5116010076C9B4 /* CustomTableViewCell.m */; };
		15677F5C1F522ED40076C9B4 /* ServerAPI.m in Sources */ = {isa = PBXBuildFile; fileRef = 15677F5B1F522ED40076C9B4 /* ServerAPI.m */; };
		15677F5F1F5247210076C9B4 /* NewCommentViewController.m in Sources */ = {isa = PBXBuildFile; fileRef = 15677F5E1F5247210076C9B4 /* NewCommentViewController.m */; };
		15677F611F5253700076C9B4 /* MapKit.framework in Frameworks */ = {isa = PBXBuildFile; fileRef = 15677F601F52536F0076C9B4 /* MapKit.framework */; };
		15BA22561F58B414004DD28D /* CollectionViewController.m in Sources */ = {isa = PBXBuildFile; fileRef = 15BA22551F58B414004DD28D /* CollectionViewController.m */; };
		15BA22591F58B96A004DD28D /* CollectionItemViewCell.m in Sources */ = {isa = PBXBuildFile; fileRef = 15BA22581F58B96A004DD28D /* CollectionItemViewCell.m */; };
/* End PBXBuildFile section */

/* Begin PBXFileReference section */
		15677F3A1F5110260076C9B4 /* ResumoProva.app */ = {isa = PBXFileReference; explicitFileType = wrapper.application; includeInIndex = 0; path = ResumoProva.app; sourceTree = BUILT_PRODUCTS_DIR; };
		15677F3E1F5110260076C9B4 /* main.m */ = {isa = PBXFileReference; lastKnownFileType = sourcecode.c.objc; path = main.m; sourceTree = "<group>"; };
		15677F401F5110260076C9B4 /* AppDelegate.h */ = {isa = PBXFileReference; lastKnownFileType = sourcecode.c.h; path = AppDelegate.h; sourceTree = "<group>"; };
		15677F411F5110260076C9B4 /* AppDelegate.m */ = {isa = PBXFileReference; lastKnownFileType = sourcecode.c.objc; path = AppDelegate.m; sourceTree = "<group>"; };
		15677F431F5110260076C9B4 /* ViewController.h */ = {isa = PBXFileReference; lastKnownFileType = sourcecode.c.h; path = ViewController.h; sourceTree = "<group>"; };
		15677F441F5110260076C9B4 /* ViewController.m */ = {isa = PBXFileReference; lastKnownFileType = sourcecode.c.objc; path = ViewController.m; sourceTree = "<group>"; };
		15677F471F5110260076C9B4 /* Base */ = {isa = PBXFileReference; lastKnownFileType = file.storyboard; name = Base; path = Base.lproj/Main.storyboard; sourceTree = "<group>"; };
		15677F4A1F5110260076C9B4 /* ResumoProva.xcdatamodel */ = {isa = PBXFileReference; lastKnownFileType = wrapper.xcdatamodel; path = ResumoProva.xcdatamodel; sourceTree = "<group>"; };
		15677F4C1F5110260076C9B4 /* Assets.xcassets */ = {isa = PBXFileReference; lastKnownFileType = folder.assetcatalog; path = Assets.xcassets; sourceTree = "<group>"; };
		15677F4F1F5110260076C9B4 /* Base */ = {isa = PBXFileReference; lastKnownFileType = file.storyboard; name = Base; path = Base.lproj/LaunchScreen.storyboard; sourceTree = "<group>"; };
		15677F511F5110260076C9B4 /* Info.plist */ = {isa = PBXFileReference; lastKnownFileType = text.plist.xml; path = Info.plist; sourceTree = "<group>"; };
		15677F571F5116010076C9B4 /* CustomTableViewCell.h */ = {isa = PBXFileReference; fileEncoding = 4; lastKnownFileType = sourcecode.c.h; path = CustomTableViewCell.h; sourceTree = "<group>"; };
		15677F581F5116010076C9B4 /* CustomTableViewCell.m */ = {isa = PBXFileReference; fileEncoding = 4; lastKnownFileType = sourcecode.c.objc; path = CustomTableViewCell.m; sourceTree = "<group>"; };
		15677F5A1F522ED40076C9B4 /* ServerAPI.h */ = {isa = PBXFileReference; fileEncoding = 4; lastKnownFileType = sourcecode.c.h; path = ServerAPI.h; sourceTree = "<group>"; };
		15677F5B1F522ED40076C9B4 /* ServerAPI.m */ = {isa = PBXFileReference; fileEncoding = 4; lastKnownFileType = sourcecode.c.objc; path = ServerAPI.m; sourceTree = "<group>"; };
		15677F5D1F5247210076C9B4 /* NewCommentViewController.h */ = {isa = PBXFileReference; fileEncoding = 4; lastKnownFileType = sourcecode.c.h; path = NewCommentViewController.h; sourceTree = "<group>"; };
		15677F5E1F5247210076C9B4 /* NewCommentViewController.m */ = {isa = PBXFileReference; fileEncoding = 4; lastKnownFileType = sourcecode.c.objc; path = NewCommentViewController.m; sourceTree = "<group>"; };
		15677F601F52536F0076C9B4 /* MapKit.framework */ = {isa = PBXFileReference; lastKnownFileType = wrapper.framework; name = MapKit.framework; path = System/Library/Frameworks/MapKit.framework; sourceTree = SDKROOT; };
		15BA22541F58B414004DD28D /* CollectionViewController.h */ = {isa = PBXFileReference; fileEncoding = 4; lastKnownFileType = sourcecode.c.h; path = CollectionViewController.h; sourceTree = "<group>"; };
		15BA22551F58B414004DD28D /* CollectionViewController.m */ = {isa = PBXFileReference; fileEncoding = 4; lastKnownFileType = sourcecode.c.objc; path = CollectionViewController.m; sourceTree = "<group>"; };
		15BA22571F58B96A004DD28D /* CollectionItemViewCell.h */ = {isa = PBXFileReference; fileEncoding = 4; lastKnownFileType = sourcecode.c.h; path = CollectionItemViewCell.h; sourceTree = "<group>"; };
		15BA22581F58B96A004DD28D /* CollectionItemViewCell.m */ = {isa = PBXFileReference; fileEncoding = 4; lastKnownFileType = sourcecode.c.objc; path = CollectionItemViewCell.m; sourceTree = "<group>"; };
		585958263FE7C57D0C9A78AB /* Pods-ResumoProva.release.xcconfig */ = {isa = PBXFileReference; includeInIndex = 1; lastKnownFileType = text.xcconfig; name = "Pods-ResumoProva.release.xcconfig"; path = "Pods/Target Support Files/Pods-ResumoProva/Pods-ResumoProva.release.xcconfig"; sourceTree = "<group>"; };
		D15A37E5258AE63D9EA201D0 /* libPods-ResumoProva.a */ = {isa = PBXFileReference; explicitFileType = archive.ar; includeInIndex = 0; path = "libPods-ResumoProva.a"; sourceTree = BUILT_PRODUCTS_DIR; };
		E5F11A50521DD20265F9D070 /* Pods-ResumoProva.debug.xcconfig */ = {isa = PBXFileReference; includeInIndex = 1; lastKnownFileType = text.xcconfig; name = "Pods-ResumoProva.debug.xcconfig"; path = "Pods/Target Support Files/Pods-ResumoProva/Pods-ResumoProva.debug.xcconfig"; sourceTree = "<group>"; };
/* End PBXFileReference section */

/* Begin PBXFrameworksBuildPhase section */
		15677F371F5110260076C9B4 /* Frameworks */ = {
			isa = PBXFrameworksBuildPhase;
			buildActionMask = 2147483647;
			files = (
				15677F611F5253700076C9B4 /* MapKit.framework in Frameworks */,
				0EFCC6D0579E01374701898F /* libPods-ResumoProva.a in Frameworks */,
			);
			runOnlyForDeploymentPostprocessing = 0;
		};
/* End PBXFrameworksBuildPhase section */

/* Begin PBXGroup section */
		15677F311F5110260076C9B4 = {
			isa = PBXGroup;
			children = (
				15677F3C1F5110260076C9B4 /* ResumoProva */,
				15677F3B1F5110260076C9B4 /* Products */,
				7D889D858CCE29B16DB83042 /* Pods */,
				A0012F58BBA384C7DA627241 /* Frameworks */,
			);
			sourceTree = "<group>";
		};
		15677F3B1F5110260076C9B4 /* Products */ = {
			isa = PBXGroup;
			children = (
				15677F3A1F5110260076C9B4 /* ResumoProva.app */,
			);
			name = Products;
			sourceTree = "<group>";
		};
		15677F3C1F5110260076C9B4 /* ResumoProva */ = {
			isa = PBXGroup;
			children = (
				15677F5A1F522ED40076C9B4 /* ServerAPI.h */,
				15677F5B1F522ED40076C9B4 /* ServerAPI.m */,
				15677F401F5110260076C9B4 /* AppDelegate.h */,
				15677F411F5110260076C9B4 /* AppDelegate.m */,
				15677F431F5110260076C9B4 /* ViewController.h */,
				15677F441F5110260076C9B4 /* ViewController.m */,
				15677F461F5110260076C9B4 /* Main.storyboard */,
				15BA22541F58B414004DD28D /* CollectionViewController.h */,
				15BA22551F58B414004DD28D /* CollectionViewController.m */,
				15677F5D1F5247210076C9B4 /* NewCommentViewController.h */,
				15BA22571F58B96A004DD28D /* CollectionItemViewCell.h */,
				15BA22581F58B96A004DD28D /* CollectionItemViewCell.m */,
				15677F5E1F5247210076C9B4 /* NewCommentViewController.m */,
				15677F571F5116010076C9B4 /* CustomTableViewCell.h */,
				15677F581F5116010076C9B4 /* CustomTableViewCell.m */,
				15677F4C1F5110260076C9B4 /* Assets.xcassets */,
				15677F4E1F5110260076C9B4 /* LaunchScreen.storyboard */,
				15677F511F5110260076C9B4 /* Info.plist */,
				15677F491F5110260076C9B4 /* ResumoProva.xcdatamodeld */,
				15677F3D1F5110260076C9B4 /* Supporting Files */,
			);
			path = ResumoProva;
			sourceTree = "<group>";
		};
		15677F3D1F5110260076C9B4 /* Supporting Files */ = {
			isa = PBXGroup;
			children = (
				15677F3E1F5110260076C9B4 /* main.m */,
			);
			name = "Supporting Files";
			sourceTree = "<group>";
		};
		7D889D858CCE29B16DB83042 /* Pods */ = {
			isa = PBXGroup;
			children = (
				E5F11A50521DD20265F9D070 /* Pods-ResumoProva.debug.xcconfig */,
				585958263FE7C57D0C9A78AB /* Pods-ResumoProva.release.xcconfig */,
			);
			name = Pods;
			sourceTree = "<group>";
		};
		A0012F58BBA384C7DA627241 /* Frameworks */ = {
			isa = PBXGroup;
			children = (
				15677F601F52536F0076C9B4 /* MapKit.framework */,
				D15A37E5258AE63D9EA201D0 /* libPods-ResumoProva.a */,
			);
			name = Frameworks;
			sourceTree = "<group>";
		};
/* End PBXGroup section */

/* Begin PBXNativeTarget section */
		15677F391F5110260076C9B4 /* ResumoProva */ = {
			isa = PBXNativeTarget;
			buildConfigurationList = 15677F541F5110260076C9B4 /* Build configuration list for PBXNativeTarget "ResumoProva" */;
			buildPhases = (
				62C2B50AF0EB967A0B9F9639 /* [CP] Check Pods Manifest.lock */,
				15677F361F5110260076C9B4 /* Sources */,
				15677F371F5110260076C9B4 /* Frameworks */,
				15677F381F5110260076C9B4 /* Resources */,
				782DF84AF0176ED640993ED2 /* [CP] Embed Pods Frameworks */,
				1076C1C788B866DF35F75AAE /* [CP] Copy Pods Resources */,
			);
			buildRules = (
			);
			dependencies = (
			);
			name = ResumoProva;
			productName = ResumoProva;
			productReference = 15677F3A1F5110260076C9B4 /* ResumoProva.app */;
			productType = "com.apple.product-type.application";
		};
/* End PBXNativeTarget section */

/* Begin PBXProject section */
		15677F321F5110260076C9B4 /* Project object */ = {
			isa = PBXProject;
			attributes = {
				LastUpgradeCheck = 0830;
				ORGANIZATIONNAME = "Felipe da Silva Barbosa";
				TargetAttributes = {
					15677F391F5110260076C9B4 = {
						CreatedOnToolsVersion = 8.3.3;
						ProvisioningStyle = Automatic;
					};
				};
			};
			buildConfigurationList = 15677F351F5110260076C9B4 /* Build configuration list for PBXProject "ResumoProva" */;
			compatibilityVersion = "Xcode 3.2";
			developmentRegion = English;
			hasScannedForEncodings = 0;
			knownRegions = (
				en,
				Base,
			);
			mainGroup = 15677F311F5110260076C9B4;
			productRefGroup = 15677F3B1F5110260076C9B4 /* Products */;
			projectDirPath = "";
			projectRoot = "";
			targets = (
				15677F391F5110260076C9B4 /* ResumoProva */,
			);
		};
/* End PBXProject section */

/* Begin PBXResourcesBuildPhase section */
		15677F381F5110260076C9B4 /* Resources */ = {
			isa = PBXResourcesBuildPhase;
			buildActionMask = 2147483647;
			files = (
				15677F501F5110260076C9B4 /* LaunchScreen.storyboard in Resources */,
				15677F4D1F5110260076C9B4 /* Assets.xcassets in Resources */,
				15677F481F5110260076C9B4 /* Main.storyboard in Resources */,
			);
			runOnlyForDeploymentPostprocessing = 0;
		};
/* End PBXResourcesBuildPhase section */

/* Begin PBXShellScriptBuildPhase section */
		1076C1C788B866DF35F75AAE /* [CP] Copy Pods Resources */ = {
			isa = PBXShellScriptBuildPhase;
			buildActionMask = 2147483647;
			files = (
			);
			inputPaths = (
				"${SRCROOT}/Pods/Target Support Files/Pods-ResumoProva/Pods-ResumoProva-resources.sh",
				"${PODS_ROOT}/SVProgressHUD/SVProgressHUD/SVProgressHUD.bundle",
			);
			name = "[CP] Copy Pods Resources";
			outputPaths = (
				"${TARGET_BUILD_DIR}/${UNLOCALIZED_RESOURCES_FOLDER_PATH}",
			);
			runOnlyForDeploymentPostprocessing = 0;
			shellPath = /bin/sh;
			shellScript = "\"${SRCROOT}/Pods/Target Support Files/Pods-ResumoProva/Pods-ResumoProva-resources.sh\"\n";
			showEnvVarsInLog = 0;
		};
		62C2B50AF0EB967A0B9F9639 /* [CP] Check Pods Manifest.lock */ = {
			isa = PBXShellScriptBuildPhase;
			buildActionMask = 2147483647;
			files = (
			);
			inputPaths = (
				"${PODS_PODFILE_DIR_PATH}/Podfile.lock",
				"${PODS_ROOT}/Manifest.lock",
			);
			name = "[CP] Check Pods Manifest.lock";
			outputPaths = (
				"$(DERIVED_FILE_DIR)/Pods-ResumoProva-checkManifestLockResult.txt",
			);
			runOnlyForDeploymentPostprocessing = 0;
			shellPath = /bin/sh;
			shellScript = "diff \"${PODS_PODFILE_DIR_PATH}/Podfile.lock\" \"${PODS_ROOT}/Manifest.lock\" > /dev/null\nif [ $? != 0 ] ; then\n    # print error to STDERR\n    echo \"error: The sandbox is not in sync with the Podfile.lock. Run 'pod install' or update your CocoaPods installation.\" >&2\n    exit 1\nfi\n# This output is used by Xcode 'outputs' to avoid re-running this script phase.\necho \"SUCCESS\" > \"${SCRIPT_OUTPUT_FILE_0}\"\n";
			showEnvVarsInLog = 0;
		};
		782DF84AF0176ED640993ED2 /* [CP] Embed Pods Frameworks */ = {
			isa = PBXShellScriptBuildPhase;
			buildActionMask = 2147483647;
			files = (
			);
			inputPaths = (
			);
			name = "[CP] Embed Pods Frameworks";
			outputPaths = (
			);
			runOnlyForDeploymentPostprocessing = 0;
			shellPath = /bin/sh;
			shellScript = "\"${SRCROOT}/Pods/Target Support Files/Pods-ResumoProva/Pods-ResumoProva-frameworks.sh\"\n";
			showEnvVarsInLog = 0;
		};
/* End PBXShellScriptBuildPhase section */

/* Begin PBXSourcesBuildPhase section */
		15677F361F5110260076C9B4 /* Sources */ = {
			isa = PBXSourcesBuildPhase;
			buildActionMask = 2147483647;
			files = (
				15BA22561F58B414004DD28D /* CollectionViewController.m in Sources */,
				15677F451F5110260076C9B4 /* ViewController.m in Sources */,
				15677F5F1F5247210076C9B4 /* NewCommentViewController.m in Sources */,
				15677F5C1F522ED40076C9B4 /* ServerAPI.m in Sources */,
				15677F421F5110260076C9B4 /* AppDelegate.m in Sources */,
				15677F3F1F5110260076C9B4 /* main.m in Sources */,
				15BA22591F58B96A004DD28D /* CollectionItemViewCell.m in Sources */,
				15677F591F5116010076C9B4 /* CustomTableViewCell.m in Sources */,
				15677F4B1F5110260076C9B4 /* ResumoProva.xcdatamodeld in Sources */,
			);
			runOnlyForDeploymentPostprocessing = 0;
		};
/* End PBXSourcesBuildPhase section */

/* Begin PBXVariantGroup section */
		15677F461F5110260076C9B4 /* Main.storyboard */ = {
			isa = PBXVariantGroup;
			children = (
				15677F471F5110260076C9B4 /* Base */,
			);
			name = Main.storyboard;
			sourceTree = "<group>";
		};
		15677F4E1F5110260076C9B4 /* LaunchScreen.storyboard */ = {
			isa = PBXVariantGroup;
			children = (
				15677F4F1F5110260076C9B4 /* Base */,
			);
			name = LaunchScreen.storyboard;
			sourceTree = "<group>";
		};
/* End PBXVariantGroup section */

/* Begin XCBuildConfiguration section */
		15677F521F5110260076C9B4 /* Debug */ = {
			isa = XCBuildConfiguration;
			buildSettings = {
				ALWAYS_SEARCH_USER_PATHS = NO;
				CLANG_ANALYZER_NONNULL = YES;
				CLANG_ANALYZER_NUMBER_OBJECT_CONVERSION = YES_AGGRESSIVE;
				CLANG_CXX_LANGUAGE_STANDARD = "gnu++0x";
				CLANG_CXX_LIBRARY = "libc++";
				CLANG_ENABLE_MODULES = YES;
				CLANG_ENABLE_OBJC_ARC = YES;
				CLANG_WARN_BOOL_CONVERSION = YES;
				CLANG_WARN_CONSTANT_CONVERSION = YES;
				CLANG_WARN_DIRECT_OBJC_ISA_USAGE = YES_ERROR;
				CLANG_WARN_DOCUMENTATION_COMMENTS = YES;
				CLANG_WARN_EMPTY_BODY = YES;
				CLANG_WARN_ENUM_CONVERSION = YES;
				CLANG_WARN_INFINITE_RECURSION = YES;
				CLANG_WARN_INT_CONVERSION = YES;
				CLANG_WARN_OBJC_ROOT_CLASS = YES_ERROR;
				CLANG_WARN_SUSPICIOUS_MOVE = YES;
				CLANG_WARN_UNREACHABLE_CODE = YES;
				CLANG_WARN__DUPLICATE_METHOD_MATCH = YES;
				"CODE_SIGN_IDENTITY[sdk=iphoneos*]" = "iPhone Developer";
				COPY_PHASE_STRIP = NO;
				DEBUG_INFORMATION_FORMAT = dwarf;
				ENABLE_STRICT_OBJC_MSGSEND = YES;
				ENABLE_TESTABILITY = YES;
				GCC_C_LANGUAGE_STANDARD = gnu99;
				GCC_DYNAMIC_NO_PIC = NO;
				GCC_NO_COMMON_BLOCKS = YES;
				GCC_OPTIMIZATION_LEVEL = 0;
				GCC_PREPROCESSOR_DEFINITIONS = (
					"DEBUG=1",
					"$(inherited)",
				);
				GCC_WARN_64_TO_32_BIT_CONVERSION = YES;
				GCC_WARN_ABOUT_RETURN_TYPE = YES_ERROR;
				GCC_WARN_UNDECLARED_SELECTOR = YES;
				GCC_WARN_UNINITIALIZED_AUTOS = YES_AGGRESSIVE;
				GCC_WARN_UNUSED_FUNCTION = YES;
				GCC_WARN_UNUSED_VARIABLE = YES;
				IPHONEOS_DEPLOYMENT_TARGET = 10.3;
				MTL_ENABLE_DEBUG_INFO = YES;
				ONLY_ACTIVE_ARCH = YES;
				SDKROOT = iphoneos;
			};
			name = Debug;
		};
		15677F531F5110260076C9B4 /* Release */ = {
			isa = XCBuildConfiguration;
			buildSettings = {
				ALWAYS_SEARCH_USER_PATHS = NO;
				CLANG_ANALYZER_NONNULL = YES;
				CLANG_ANALYZER_NUMBER_OBJECT_CONVERSION = YES_AGGRESSIVE;
				CLANG_CXX_LANGUAGE_STANDARD = "gnu++0x";
				CLANG_CXX_LIBRARY = "libc++";
				CLANG_ENABLE_MODULES = YES;
				CLANG_ENABLE_OBJC_ARC = YES;
				CLANG_WARN_BOOL_CONVERSION = YES;
				CLANG_WARN_CONSTANT_CONVERSION = YES;
				CLANG_WARN_DIRECT_OBJC_ISA_USAGE = YES_ERROR;
				CLANG_WARN_DOCUMENTATION_COMMENTS = YES;
				CLANG_WARN_EMPTY_BODY = YES;
				CLANG_WARN_ENUM_CONVERSION = YES;
				CLANG_WARN_INFINITE_RECURSION = YES;
				CLANG_WARN_INT_CONVERSION = YES;
				CLANG_WARN_OBJC_ROOT_CLASS = YES_ERROR;
				CLANG_WARN_SUSPICIOUS_MOVE = YES;
				CLANG_WARN_UNREACHABLE_CODE = YES;
				CLANG_WARN__DUPLICATE_METHOD_MATCH = YES;
				"CODE_SIGN_IDENTITY[sdk=iphoneos*]" = "iPhone Developer";
				COPY_PHASE_STRIP = NO;
				DEBUG_INFORMATION_FORMAT = "dwarf-with-dsym";
				ENABLE_NS_ASSERTIONS = NO;
				ENABLE_STRICT_OBJC_MSGSEND = YES;
				GCC_C_LANGUAGE_STANDARD = gnu99;
				GCC_NO_COMMON_BLOCKS = YES;
				GCC_WARN_64_TO_32_BIT_CONVERSION = YES;
				GCC_WARN_ABOUT_RETURN_TYPE = YES_ERROR;
				GCC_WARN_UNDECLARED_SELECTOR = YES;
				GCC_WARN_UNINITIALIZED_AUTOS = YES_AGGRESSIVE;
				GCC_WARN_UNUSED_FUNCTION = YES;
				GCC_WARN_UNUSED_VARIABLE = YES;
				IPHONEOS_DEPLOYMENT_TARGET = 10.3;
				MTL_ENABLE_DEBUG_INFO = NO;
				SDKROOT = iphoneos;
				VALIDATE_PRODUCT = YES;
			};
			name = Release;
		};
		15677F551F5110260076C9B4 /* Debug */ = {
			isa = XCBuildConfiguration;
			baseConfigurationReference = E5F11A50521DD20265F9D070 /* Pods-ResumoProva.debug.xcconfig */;
			buildSettings = {
				ASSETCATALOG_COMPILER_APPICON_NAME = AppIcon;
				INFOPLIST_FILE = ResumoProva/Info.plist;
				LD_RUNPATH_SEARCH_PATHS = "$(inherited) @executable_path/Frameworks";
				PRODUCT_BUNDLE_IDENTIFIER = UNIBRATEC.ResumoProva;
				PRODUCT_NAME = "$(TARGET_NAME)";
			};
			name = Debug;
		};
		15677F561F5110260076C9B4 /* Release */ = {
			isa = XCBuildConfiguration;
			baseConfigurationReference = 585958263FE7C57D0C9A78AB /* Pods-ResumoProva.release.xcconfig */;
			buildSettings = {
				ASSETCATALOG_COMPILER_APPICON_NAME = AppIcon;
				INFOPLIST_FILE = ResumoProva/Info.plist;
				LD_RUNPATH_SEARCH_PATHS = "$(inherited) @executable_path/Frameworks";
				PRODUCT_BUNDLE_IDENTIFIER = UNIBRATEC.ResumoProva;
				PRODUCT_NAME = "$(TARGET_NAME)";
			};
			name = Release;
		};
/* End XCBuildConfiguration section */

/* Begin XCConfigurationList section */
		15677F351F5110260076C9B4 /* Build configuration list for PBXProject "ResumoProva" */ = {
			isa = XCConfigurationList;
			buildConfigurations = (
				15677F521F5110260076C9B4 /* Debug */,
				15677F531F5110260076C9B4 /* Release */,
			);
			defaultConfigurationIsVisible = 0;
			defaultConfigurationName = Release;
		};
		15677F541F5110260076C9B4 /* Build configuration list for PBXNativeTarget "ResumoProva" */ = {
			isa = XCConfigurationList;
			buildConfigurations = (
				15677F551F5110260076C9B4 /* Debug */,
				15677F561F5110260076C9B4 /* Release */,
			);
			defaultConfigurationIsVisible = 0;
			defaultConfigurationName = Release;
		};
/* End XCConfigurationList section */

/* Begin XCVersionGroup section */
		15677F491F5110260076C9B4 /* ResumoProva.xcdatamodeld */ = {
			isa = XCVersionGroup;
			children = (
				15677F4A1F5110260076C9B4 /* ResumoProva.xcdatamodel */,
			);
			currentVersion = 15677F4A1F5110260076C9B4 /* ResumoProva.xcdatamodel */;
			path = ResumoProva.xcdatamodeld;
			sourceTree = "<group>";
			versionGroupType = wrapper.xcdatamodel;
		};
/* End XCVersionGroup section */
	};
	rootObject = 15677F321F5110260076C9B4 /* Project object */;
}
